// !$*UTF8*$!
{
	archiveVersion = 1;
	classes = {
	};
	objectVersion = 51;
	objects = {

/* Begin PBXBuildFile section */
		2CAAD747548FDCD35467E8C4 /* Pods_ProjectCalendarPlanner.framework in Frameworks */ = {isa = PBXBuildFile; fileRef = 3D12B082F11EF5CF7F0CF2EB /* Pods_ProjectCalendarPlanner.framework */; };
		B4AE2B8626AF394E00B72827 /* UIStackView.swift in Sources */ = {isa = PBXBuildFile; fileRef = B4AE2B8526AF394E00B72827 /* UIStackView.swift */; };
		B4C6ABF226A6BBF800F6247E /* AppDelegate.swift in Sources */ = {isa = PBXBuildFile; fileRef = B4C6ABF126A6BBF800F6247E /* AppDelegate.swift */; };
		B4C6ABF426A6BBF800F6247E /* SceneDelegate.swift in Sources */ = {isa = PBXBuildFile; fileRef = B4C6ABF326A6BBF800F6247E /* SceneDelegate.swift */; };
		B4C6ABF626A6BBF800F6247E /* MainTabBarController.swift in Sources */ = {isa = PBXBuildFile; fileRef = B4C6ABF526A6BBF800F6247E /* MainTabBarController.swift */; };
		B4C6ABFB26A6BBF900F6247E /* Assets.xcassets in Resources */ = {isa = PBXBuildFile; fileRef = B4C6ABFA26A6BBF900F6247E /* Assets.xcassets */; };
		B4C6ABFE26A6BBF900F6247E /* LaunchScreen.storyboard in Resources */ = {isa = PBXBuildFile; fileRef = B4C6ABFC26A6BBF900F6247E /* LaunchScreen.storyboard */; };
		B4C6AC0A26A6C33900F6247E /* ScheduleViewController.swift in Sources */ = {isa = PBXBuildFile; fileRef = B4C6AC0926A6C33900F6247E /* ScheduleViewController.swift */; };
		B4C6AC0C26A6C36200F6247E /* TasksViewController.swift in Sources */ = {isa = PBXBuildFile; fileRef = B4C6AC0B26A6C36200F6247E /* TasksViewController.swift */; };
		B4C6AC0E26A6C38900F6247E /* ContactsViewController.swift in Sources */ = {isa = PBXBuildFile; fileRef = B4C6AC0D26A6C38900F6247E /* ContactsViewController.swift */; };
		B4F36BAC26AEE37F005B982B /* ScheduleTableViewCell.swift in Sources */ = {isa = PBXBuildFile; fileRef = B4F36BAB26AEE37F005B982B /* ScheduleTableViewCell.swift */; };
/* End PBXBuildFile section */

/* Begin PBXFileReference section */
		3D12B082F11EF5CF7F0CF2EB /* Pods_ProjectCalendarPlanner.framework */ = {isa = PBXFileReference; explicitFileType = wrapper.framework; includeInIndex = 0; path = Pods_ProjectCalendarPlanner.framework; sourceTree = BUILT_PRODUCTS_DIR; };
		52811D88DD2D56AB46131786 /* Pods-ProjectCalendarPlanner.release.xcconfig */ = {isa = PBXFileReference; includeInIndex = 1; lastKnownFileType = text.xcconfig; name = "Pods-ProjectCalendarPlanner.release.xcconfig"; path = "Target Support Files/Pods-ProjectCalendarPlanner/Pods-ProjectCalendarPlanner.release.xcconfig"; sourceTree = "<group>"; };
		B4AE2B8526AF394E00B72827 /* UIStackView.swift */ = {isa = PBXFileReference; lastKnownFileType = sourcecode.swift; path = UIStackView.swift; sourceTree = "<group>"; };
		B4C6ABEE26A6BBF800F6247E /* ProjectCalendarPlanner.app */ = {isa = PBXFileReference; explicitFileType = wrapper.application; includeInIndex = 0; path = ProjectCalendarPlanner.app; sourceTree = BUILT_PRODUCTS_DIR; };
		B4C6ABF126A6BBF800F6247E /* AppDelegate.swift */ = {isa = PBXFileReference; lastKnownFileType = sourcecode.swift; path = AppDelegate.swift; sourceTree = "<group>"; };
		B4C6ABF326A6BBF800F6247E /* SceneDelegate.swift */ = {isa = PBXFileReference; lastKnownFileType = sourcecode.swift; path = SceneDelegate.swift; sourceTree = "<group>"; };
		B4C6ABF526A6BBF800F6247E /* MainTabBarController.swift */ = {isa = PBXFileReference; lastKnownFileType = sourcecode.swift; path = MainTabBarController.swift; sourceTree = "<group>"; };
		B4C6ABFA26A6BBF900F6247E /* Assets.xcassets */ = {isa = PBXFileReference; lastKnownFileType = folder.assetcatalog; path = Assets.xcassets; sourceTree = "<group>"; };
		B4C6ABFD26A6BBF900F6247E /* Base */ = {isa = PBXFileReference; lastKnownFileType = file.storyboard; name = Base; path = Base.lproj/LaunchScreen.storyboard; sourceTree = "<group>"; };
		B4C6ABFF26A6BBF900F6247E /* Info.plist */ = {isa = PBXFileReference; lastKnownFileType = text.plist.xml; path = Info.plist; sourceTree = "<group>"; };
		B4C6AC0926A6C33900F6247E /* ScheduleViewController.swift */ = {isa = PBXFileReference; lastKnownFileType = sourcecode.swift; path = ScheduleViewController.swift; sourceTree = "<group>"; };
		B4C6AC0B26A6C36200F6247E /* TasksViewController.swift */ = {isa = PBXFileReference; lastKnownFileType = sourcecode.swift; path = TasksViewController.swift; sourceTree = "<group>"; };
		B4C6AC0D26A6C38900F6247E /* ContactsViewController.swift */ = {isa = PBXFileReference; lastKnownFileType = sourcecode.swift; path = ContactsViewController.swift; sourceTree = "<group>"; };
		B4F36BAB26AEE37F005B982B /* ScheduleTableViewCell.swift */ = {isa = PBXFileReference; lastKnownFileType = sourcecode.swift; path = ScheduleTableViewCell.swift; sourceTree = "<group>"; };
		C2E4459CD6502F39CB4175EA /* Pods-ProjectCalendarPlanner.debug.xcconfig */ = {isa = PBXFileReference; includeInIndex = 1; lastKnownFileType = text.xcconfig; name = "Pods-ProjectCalendarPlanner.debug.xcconfig"; path = "Target Support Files/Pods-ProjectCalendarPlanner/Pods-ProjectCalendarPlanner.debug.xcconfig"; sourceTree = "<group>"; };
/* End PBXFileReference section */

/* Begin PBXFrameworksBuildPhase section */
		B4C6ABEB26A6BBF800F6247E /* Frameworks */ = {
			isa = PBXFrameworksBuildPhase;
			buildActionMask = 2147483647;
			files = (
				2CAAD747548FDCD35467E8C4 /* Pods_ProjectCalendarPlanner.framework in Frameworks */,
			);
			runOnlyForDeploymentPostprocessing = 0;
		};
/* End PBXFrameworksBuildPhase section */

/* Begin PBXGroup section */
		99551359E4B1048D2B26DA4B /* Pods */ = {
			isa = PBXGroup;
			children = (
				C2E4459CD6502F39CB4175EA /* Pods-ProjectCalendarPlanner.debug.xcconfig */,
				52811D88DD2D56AB46131786 /* Pods-ProjectCalendarPlanner.release.xcconfig */,
			);
			path = Pods;
			sourceTree = "<group>";
		};
		B4AE2B8326AF390800B72827 /* Extentions */ = {
			isa = PBXGroup;
			children = (
				B4AE2B8426AF392700B72827 /* UIKit */,
			);
			path = Extentions;
			sourceTree = "<group>";
		};
		B4AE2B8426AF392700B72827 /* UIKit */ = {
			isa = PBXGroup;
			children = (
				B4AE2B8526AF394E00B72827 /* UIStackView.swift */,
			);
			path = UIKit;
			sourceTree = "<group>";
		};
		B4C6ABE526A6BBF800F6247E = {
			isa = PBXGroup;
			children = (
				B4C6ABF026A6BBF800F6247E /* ProjectCalendarPlanner */,
				B4C6ABEF26A6BBF800F6247E /* Products */,
				99551359E4B1048D2B26DA4B /* Pods */,
				E9E2FD869524DE379CFF3E21 /* Frameworks */,
			);
			sourceTree = "<group>";
		};
		B4C6ABEF26A6BBF800F6247E /* Products */ = {
			isa = PBXGroup;
			children = (
				B4C6ABEE26A6BBF800F6247E /* ProjectCalendarPlanner.app */,
			);
			name = Products;
			sourceTree = "<group>";
		};
		B4C6ABF026A6BBF800F6247E /* ProjectCalendarPlanner */ = {
			isa = PBXGroup;
			children = (
				B4C6AC0526A6BD0D00F6247E /* Aplication */,
				B4C6AC0726A6BD4800F6247E /* Controllers */,
				B4F36BA926AEE33E005B982B /* Model */,
				B4AE2B8326AF390800B72827 /* Extentions */,
				B4C6AC0826A6BD8000F6247E /* Resources */,
			);
			path = ProjectCalendarPlanner;
			sourceTree = "<group>";
		};
		B4C6AC0526A6BD0D00F6247E /* Aplication */ = {
			isa = PBXGroup;
			children = (
				B4C6ABF126A6BBF800F6247E /* AppDelegate.swift */,
				B4C6ABF326A6BBF800F6247E /* SceneDelegate.swift */,
			);
			path = Aplication;
			sourceTree = "<group>";
		};
		B4C6AC0726A6BD4800F6247E /* Controllers */ = {
			isa = PBXGroup;
			children = (
				B4C6ABF526A6BBF800F6247E /* MainTabBarController.swift */,
				B4C6AC0926A6C33900F6247E /* ScheduleViewController.swift */,
				B4C6AC0B26A6C36200F6247E /* TasksViewController.swift */,
				B4C6AC0D26A6C38900F6247E /* ContactsViewController.swift */,
			);
			path = Controllers;
			sourceTree = "<group>";
		};
		B4C6AC0826A6BD8000F6247E /* Resources */ = {
			isa = PBXGroup;
			children = (
				B4C6ABFA26A6BBF900F6247E /* Assets.xcassets */,
				B4C6ABFC26A6BBF900F6247E /* LaunchScreen.storyboard */,
				B4C6ABFF26A6BBF900F6247E /* Info.plist */,
			);
			path = Resources;
			sourceTree = "<group>";
		};
		B4F36BA926AEE33E005B982B /* Model */ = {
			isa = PBXGroup;
			children = (
				B4F36BAA26AEE34C005B982B /* Cell */,
			);
			path = Model;
			sourceTree = "<group>";
		};
		B4F36BAA26AEE34C005B982B /* Cell */ = {
			isa = PBXGroup;
			children = (
				B4F36BAB26AEE37F005B982B /* ScheduleTableViewCell.swift */,
			);
			path = Cell;
			sourceTree = "<group>";
		};
		E9E2FD869524DE379CFF3E21 /* Frameworks */ = {
			isa = PBXGroup;
			children = (
				3D12B082F11EF5CF7F0CF2EB /* Pods_ProjectCalendarPlanner.framework */,
			);
			name = Frameworks;
			sourceTree = "<group>";
		};
/* End PBXGroup section */

/* Begin PBXNativeTarget section */
		B4C6ABED26A6BBF800F6247E /* ProjectCalendarPlanner */ = {
			isa = PBXNativeTarget;
			buildConfigurationList = B4C6AC0226A6BBF900F6247E /* Build configuration list for PBXNativeTarget "ProjectCalendarPlanner" */;
			buildPhases = (
				F0C99C200F44508DA038ECF8 /* [CP] Check Pods Manifest.lock */,
				B4C6ABEA26A6BBF800F6247E /* Sources */,
				B4C6ABEB26A6BBF800F6247E /* Frameworks */,
				B4C6ABEC26A6BBF800F6247E /* Resources */,
				ED413B9EADD28CF47058F1AA /* [CP] Embed Pods Frameworks */,
			);
			buildRules = (
			);
			dependencies = (
			);
			name = ProjectCalendarPlanner;
			productName = ProjectCalendarPlanner;
			productReference = B4C6ABEE26A6BBF800F6247E /* ProjectCalendarPlanner.app */;
			productType = "com.apple.product-type.application";
		};
/* End PBXNativeTarget section */

/* Begin PBXProject section */
		B4C6ABE626A6BBF800F6247E /* Project object */ = {
			isa = PBXProject;
			attributes = {
				LastSwiftUpdateCheck = 1250;
				LastUpgradeCheck = 1250;
				TargetAttributes = {
					B4C6ABED26A6BBF800F6247E = {
						CreatedOnToolsVersion = 12.5;
					};
				};
			};
			buildConfigurationList = B4C6ABE926A6BBF800F6247E /* Build configuration list for PBXProject "ProjectCalendarPlanner" */;
			compatibilityVersion = "Xcode 9.3";
			developmentRegion = en;
			hasScannedForEncodings = 0;
			knownRegions = (
				en,
				Base,
			);
			mainGroup = B4C6ABE526A6BBF800F6247E;
			productRefGroup = B4C6ABEF26A6BBF800F6247E /* Products */;
			projectDirPath = "";
			projectRoot = "";
			targets = (
				B4C6ABED26A6BBF800F6247E /* ProjectCalendarPlanner */,
			);
		};
/* End PBXProject section */

/* Begin PBXResourcesBuildPhase section */
		B4C6ABEC26A6BBF800F6247E /* Resources */ = {
			isa = PBXResourcesBuildPhase;
			buildActionMask = 2147483647;
			files = (
				B4C6ABFE26A6BBF900F6247E /* LaunchScreen.storyboard in Resources */,
				B4C6ABFB26A6BBF900F6247E /* Assets.xcassets in Resources */,
			);
			runOnlyForDeploymentPostprocessing = 0;
		};
/* End PBXResourcesBuildPhase section */

/* Begin PBXShellScriptBuildPhase section */
		ED413B9EADD28CF47058F1AA /* [CP] Embed Pods Frameworks */ = {
			isa = PBXShellScriptBuildPhase;
			buildActionMask = 2147483647;
			files = (
			);
			inputFileListPaths = (
				"${PODS_ROOT}/Target Support Files/Pods-ProjectCalendarPlanner/Pods-ProjectCalendarPlanner-frameworks-${CONFIGURATION}-input-files.xcfilelist",
			);
			name = "[CP] Embed Pods Frameworks";
			outputFileListPaths = (
				"${PODS_ROOT}/Target Support Files/Pods-ProjectCalendarPlanner/Pods-ProjectCalendarPlanner-frameworks-${CONFIGURATION}-output-files.xcfilelist",
			);
			runOnlyForDeploymentPostprocessing = 0;
			shellPath = /bin/sh;
			shellScript = "\"${PODS_ROOT}/Target Support Files/Pods-ProjectCalendarPlanner/Pods-ProjectCalendarPlanner-frameworks.sh\"\n";
			showEnvVarsInLog = 0;
		};
		F0C99C200F44508DA038ECF8 /* [CP] Check Pods Manifest.lock */ = {
			isa = PBXShellScriptBuildPhase;
			buildActionMask = 2147483647;
			files = (
			);
			inputFileListPaths = (
			);
			inputPaths = (
				"${PODS_PODFILE_DIR_PATH}/Podfile.lock",
				"${PODS_ROOT}/Manifest.lock",
			);
			name = "[CP] Check Pods Manifest.lock";
			outputFileListPaths = (
			);
			outputPaths = (
				"$(DERIVED_FILE_DIR)/Pods-ProjectCalendarPlanner-checkManifestLockResult.txt",
			);
			runOnlyForDeploymentPostprocessing = 0;
			shellPath = /bin/sh;
			shellScript = "diff \"${PODS_PODFILE_DIR_PATH}/Podfile.lock\" \"${PODS_ROOT}/Manifest.lock\" > /dev/null\nif [ $? != 0 ] ; then\n    # print error to STDERR\n    echo \"error: The sandbox is not in sync with the Podfile.lock. Run 'pod install' or update your CocoaPods installation.\" >&2\n    exit 1\nfi\n# This output is used by Xcode 'outputs' to avoid re-running this script phase.\necho \"SUCCESS\" > \"${SCRIPT_OUTPUT_FILE_0}\"\n";
			showEnvVarsInLog = 0;
		};
/* End PBXShellScriptBuildPhase section */

/* Begin PBXSourcesBuildPhase section */
		B4C6ABEA26A6BBF800F6247E /* Sources */ = {
			isa = PBXSourcesBuildPhase;
			buildActionMask = 2147483647;
			files = (
				B4C6ABF626A6BBF800F6247E /* MainTabBarController.swift in Sources */,
				B4F36BAC26AEE37F005B982B /* ScheduleTableViewCell.swift in Sources */,
				B4C6AC0C26A6C36200F6247E /* TasksViewController.swift in Sources */,
				B4AE2B8626AF394E00B72827 /* UIStackView.swift in Sources */,
				B4C6ABF226A6BBF800F6247E /* AppDelegate.swift in Sources */,
				B4C6ABF426A6BBF800F6247E /* SceneDelegate.swift in Sources */,
				B4C6AC0A26A6C33900F6247E /* ScheduleViewController.swift in Sources */,
				B4C6AC0E26A6C38900F6247E /* ContactsViewController.swift in Sources */,
			);
			runOnlyForDeploymentPostprocessing = 0;
		};
/* End PBXSourcesBuildPhase section */

/* Begin PBXVariantGroup section */
		B4C6ABFC26A6BBF900F6247E /* LaunchScreen.storyboard */ = {
			isa = PBXVariantGroup;
			children = (
				B4C6ABFD26A6BBF900F6247E /* Base */,
			);
			name = LaunchScreen.storyboard;
			sourceTree = "<group>";
		};
/* End PBXVariantGroup section */

/* Begin XCBuildConfiguration section */
		B4C6AC0026A6BBF900F6247E /* Debug */ = {
			isa = XCBuildConfiguration;
			buildSettings = {
				ALWAYS_SEARCH_USER_PATHS = NO;
				CLANG_ANALYZER_NONNULL = YES;
				CLANG_ANALYZER_NUMBER_OBJECT_CONVERSION = YES_AGGRESSIVE;
				CLANG_CXX_LANGUAGE_STANDARD = "gnu++14";
				CLANG_CXX_LIBRARY = "libc++";
				CLANG_ENABLE_MODULES = YES;
				CLANG_ENABLE_OBJC_ARC = YES;
				CLANG_ENABLE_OBJC_WEAK = YES;
				CLANG_WARN_BLOCK_CAPTURE_AUTORELEASING = YES;
				CLANG_WARN_BOOL_CONVERSION = YES;
				CLANG_WARN_COMMA = YES;
				CLANG_WARN_CONSTANT_CONVERSION = YES;
				CLANG_WARN_DEPRECATED_OBJC_IMPLEMENTATIONS = YES;
				CLANG_WARN_DIRECT_OBJC_ISA_USAGE = YES_ERROR;
				CLANG_WARN_DOCUMENTATION_COMMENTS = YES;
				CLANG_WARN_EMPTY_BODY = YES;
				CLANG_WARN_ENUM_CONVERSION = YES;
				CLANG_WARN_INFINITE_RECURSION = YES;
				CLANG_WARN_INT_CONVERSION = YES;
				CLANG_WARN_NON_LITERAL_NULL_CONVERSION = YES;
				CLANG_WARN_OBJC_IMPLICIT_RETAIN_SELF = YES;
				CLANG_WARN_OBJC_LITERAL_CONVERSION = YES;
				CLANG_WARN_OBJC_ROOT_CLASS = YES_ERROR;
				CLANG_WARN_QUOTED_INCLUDE_IN_FRAMEWORK_HEADER = YES;
				CLANG_WARN_RANGE_LOOP_ANALYSIS = YES;
				CLANG_WARN_STRICT_PROTOTYPES = YES;
				CLANG_WARN_SUSPICIOUS_MOVE = YES;
				CLANG_WARN_UNGUARDED_AVAILABILITY = YES_AGGRESSIVE;
				CLANG_WARN_UNREACHABLE_CODE = YES;
				CLANG_WARN__DUPLICATE_METHOD_MATCH = YES;
				COPY_PHASE_STRIP = NO;
				DEBUG_INFORMATION_FORMAT = dwarf;
				ENABLE_STRICT_OBJC_MSGSEND = YES;
				ENABLE_TESTABILITY = YES;
				GCC_C_LANGUAGE_STANDARD = gnu11;
				GCC_DYNAMIC_NO_PIC = NO;
				GCC_NO_COMMON_BLOCKS = YES;
				GCC_OPTIMIZATION_LEVEL = 0;
				GCC_PREPROCESSOR_DEFINITIONS = (
					"DEBUG=1",
					"$(inherited)",
				);
				GCC_WARN_64_TO_32_BIT_CONVERSION = YES;
				GCC_WARN_ABOUT_RETURN_TYPE = YES_ERROR;
				GCC_WARN_UNDECLARED_SELECTOR = YES;
				GCC_WARN_UNINITIALIZED_AUTOS = YES_AGGRESSIVE;
				GCC_WARN_UNUSED_FUNCTION = YES;
				GCC_WARN_UNUSED_VARIABLE = YES;
				IPHONEOS_DEPLOYMENT_TARGET = 14.5;
				MTL_ENABLE_DEBUG_INFO = INCLUDE_SOURCE;
				MTL_FAST_MATH = YES;
				ONLY_ACTIVE_ARCH = YES;
				SDKROOT = iphoneos;
				SWIFT_ACTIVE_COMPILATION_CONDITIONS = DEBUG;
				SWIFT_OPTIMIZATION_LEVEL = "-Onone";
			};
			name = Debug;
		};
		B4C6AC0126A6BBF900F6247E /* Release */ = {
			isa = XCBuildConfiguration;
			buildSettings = {
				ALWAYS_SEARCH_USER_PATHS = NO;
				CLANG_ANALYZER_NONNULL = YES;
				CLANG_ANALYZER_NUMBER_OBJECT_CONVERSION = YES_AGGRESSIVE;
				CLANG_CXX_LANGUAGE_STANDARD = "gnu++14";
				CLANG_CXX_LIBRARY = "libc++";
				CLANG_ENABLE_MODULES = YES;
				CLANG_ENABLE_OBJC_ARC = YES;
				CLANG_ENABLE_OBJC_WEAK = YES;
				CLANG_WARN_BLOCK_CAPTURE_AUTORELEASING = YES;
				CLANG_WARN_BOOL_CONVERSION = YES;
				CLANG_WARN_COMMA = YES;
				CLANG_WARN_CONSTANT_CONVERSION = YES;
				CLANG_WARN_DEPRECATED_OBJC_IMPLEMENTATIONS = YES;
				CLANG_WARN_DIRECT_OBJC_ISA_USAGE = YES_ERROR;
				CLANG_WARN_DOCUMENTATION_COMMENTS = YES;
				CLANG_WARN_EMPTY_BODY = YES;
				CLANG_WARN_ENUM_CONVERSION = YES;
				CLANG_WARN_INFINITE_RECURSION = YES;
				CLANG_WARN_INT_CONVERSION = YES;
				CLANG_WARN_NON_LITERAL_NULL_CONVERSION = YES;
				CLANG_WARN_OBJC_IMPLICIT_RETAIN_SELF = YES;
				CLANG_WARN_OBJC_LITERAL_CONVERSION = YES;
				CLANG_WARN_OBJC_ROOT_CLASS = YES_ERROR;
				CLANG_WARN_QUOTED_INCLUDE_IN_FRAMEWORK_HEADER = YES;
				CLANG_WARN_RANGE_LOOP_ANALYSIS = YES;
				CLANG_WARN_STRICT_PROTOTYPES = YES;
				CLANG_WARN_SUSPICIOUS_MOVE = YES;
				CLANG_WARN_UNGUARDED_AVAILABILITY = YES_AGGRESSIVE;
				CLANG_WARN_UNREACHABLE_CODE = YES;
				CLANG_WARN__DUPLICATE_METHOD_MATCH = YES;
				COPY_PHASE_STRIP = NO;
				DEBUG_INFORMATION_FORMAT = "dwarf-with-dsym";
				ENABLE_NS_ASSERTIONS = NO;
				ENABLE_STRICT_OBJC_MSGSEND = YES;
				GCC_C_LANGUAGE_STANDARD = gnu11;
				GCC_NO_COMMON_BLOCKS = YES;
				GCC_WARN_64_TO_32_BIT_CONVERSION = YES;
				GCC_WARN_ABOUT_RETURN_TYPE = YES_ERROR;
				GCC_WARN_UNDECLARED_SELECTOR = YES;
				GCC_WARN_UNINITIALIZED_AUTOS = YES_AGGRESSIVE;
				GCC_WARN_UNUSED_FUNCTION = YES;
				GCC_WARN_UNUSED_VARIABLE = YES;
				IPHONEOS_DEPLOYMENT_TARGET = 14.5;
				MTL_ENABLE_DEBUG_INFO = NO;
				MTL_FAST_MATH = YES;
				SDKROOT = iphoneos;
				SWIFT_COMPILATION_MODE = wholemodule;
				SWIFT_OPTIMIZATION_LEVEL = "-O";
				VALIDATE_PRODUCT = YES;
			};
			name = Release;
		};
		B4C6AC0326A6BBF900F6247E /* Debug */ = {
			isa = XCBuildConfiguration;
			baseConfigurationReference = C2E4459CD6502F39CB4175EA /* Pods-ProjectCalendarPlanner.debug.xcconfig */;
			buildSettings = {
				ASSETCATALOG_COMPILER_APPICON_NAME = AppIcon;
				ASSETCATALOG_COMPILER_GLOBAL_ACCENT_COLOR_NAME = AccentColor;
				CODE_SIGN_STYLE = Automatic;
				DEVELOPMENT_TEAM = XRTUKAGRTL;
				INFOPLIST_FILE = ProjectCalendarPlanner/Resources/Info.plist;
				LD_RUNPATH_SEARCH_PATHS = (
					"$(inherited)",
					"@executable_path/Frameworks",
				);
				PRODUCT_BUNDLE_IDENTIFIER = com.AlexanderSobolev.ProjectCalendarPlanner;
				PRODUCT_NAME = "$(TARGET_NAME)";
				SWIFT_VERSION = 5.0;
				TARGETED_DEVICE_FAMILY = "1,2";
			};
			name = Debug;
		};
		B4C6AC0426A6BBF900F6247E /* Release */ = {
			isa = XCBuildConfiguration;
			baseConfigurationReference = 52811D88DD2D56AB46131786 /* Pods-ProjectCalendarPlanner.release.xcconfig */;
			buildSettings = {
				ASSETCATALOG_COMPILER_APPICON_NAME = AppIcon;
				ASSETCATALOG_COMPILER_GLOBAL_ACCENT_COLOR_NAME = AccentColor;
				CODE_SIGN_STYLE = Automatic;
				DEVELOPMENT_TEAM = XRTUKAGRTL;
				INFOPLIST_FILE = ProjectCalendarPlanner/Resources/Info.plist;
				LD_RUNPATH_SEARCH_PATHS = (
					"$(inherited)",
					"@executable_path/Frameworks",
				);
				PRODUCT_BUNDLE_IDENTIFIER = com.AlexanderSobolev.ProjectCalendarPlanner;
				PRODUCT_NAME = "$(TARGET_NAME)";
				SWIFT_VERSION = 5.0;
				TARGETED_DEVICE_FAMILY = "1,2";
			};
			name = Release;
		};
/* End XCBuildConfiguration section */

/* Begin XCConfigurationList section */
		B4C6ABE926A6BBF800F6247E /* Build configuration list for PBXProject "ProjectCalendarPlanner" */ = {
			isa = XCConfigurationList;
			buildConfigurations = (
				B4C6AC0026A6BBF900F6247E /* Debug */,
				B4C6AC0126A6BBF900F6247E /* Release */,
			);
			defaultConfigurationIsVisible = 0;
			defaultConfigurationName = Release;
		};
		B4C6AC0226A6BBF900F6247E /* Build configuration list for PBXNativeTarget "ProjectCalendarPlanner" */ = {
			isa = XCConfigurationList;
			buildConfigurations = (
				B4C6AC0326A6BBF900F6247E /* Debug */,
				B4C6AC0426A6BBF900F6247E /* Release */,
			);
			defaultConfigurationIsVisible = 0;
			defaultConfigurationName = Release;
		};
/* End XCConfigurationList section */
	};
	rootObject = B4C6ABE626A6BBF800F6247E /* Project object */;
}
